
Microsoft Visual Studio Solution File, Format Version 12.00
# Visual Studio 2012
Project("{FAE04EC0-301F-11D3-BF4B-00C04F79EFBC}") = "todoName", "todoName\todoName.csproj", "{F02F01D7-399E-4C92-B1FC-4E45B37069CF}"
EndProject
Global
	GlobalSection(SolutionConfigurationPlatforms) = preSolution
		Debug|Any CPU = Debug|Any CPU
		Release|Any CPU = Release|Any CPU
	EndGlobalSection
	GlobalSection(ProjectConfigurationPlatforms) = postSolution
		{F02F01D7-399E-4C92-B1FC-4E45B37069CF}.Debug|Any CPU.ActiveCfg = Debug|Any CPU
		{F02F01D7-399E-4C92-B1FC-4E45B37069CF}.Debug|Any CPU.Build.0 = Debug|Any CPU
		{F02F01D7-399E-4C92-B1FC-4E45B37069CF}.Release|Any CPU.ActiveCfg = Release|Any CPU
		{F02F01D7-399E-4C92-B1FC-4E45B37069CF}.Release|Any CPU.Build.0 = Release|Any CPU
	EndGlobalSection
	GlobalSection(SolutionProperties) = preSolution
		HideSolutionNode = FALSE
	EndGlobalSection
EndGlobal
